
Microsoft Visual Studio Solution File, Format Version 12.00
# Visual Studio Version 16
VisualStudioVersion = 16.0.30804.86
MinimumVisualStudioVersion = 10.0.40219.1
Project("{FAE04EC0-301F-11D3-BF4B-00C04F79EFBC}") = "Domain", "Domain\Domain.csproj", "{20CB4CB0-533D-4F64-BA01-C09A20EE1C6B}"
EndProject
Project("{FAE04EC0-301F-11D3-BF4B-00C04F79EFBC}") = "BusinessLogicalLayer", "BusinessLogicalLayer\BusinessLogicalLayer.csproj", "{D34A2A54-DBF2-4435-B49A-68D43D9A6934}"
EndProject
Project("{FAE04EC0-301F-11D3-BF4B-00C04F79EFBC}") = "DataAccessLayer", "DataAccessLayer\DataAccessLayer.csproj", "{3D92A878-DA77-4E1D-9054-A459B50985D1}"
EndProject
Project("{FAE04EC0-301F-11D3-BF4B-00C04F79EFBC}") = "OdontoTechWebApp", "OdontoTechWebApp\OdontoTechWebApp.csproj", "{CEFE738E-4EFD-496D-A9CF-0F247188ED69}"
EndProject
Global
	GlobalSection(SolutionConfigurationPlatforms) = preSolution
		Debug|Any CPU = Debug|Any CPU
		Release|Any CPU = Release|Any CPU
	EndGlobalSection
	GlobalSection(ProjectConfigurationPlatforms) = postSolution
		{20CB4CB0-533D-4F64-BA01-C09A20EE1C6B}.Debug|Any CPU.ActiveCfg = Debug|Any CPU
		{20CB4CB0-533D-4F64-BA01-C09A20EE1C6B}.Debug|Any CPU.Build.0 = Debug|Any CPU
		{20CB4CB0-533D-4F64-BA01-C09A20EE1C6B}.Release|Any CPU.ActiveCfg = Release|Any CPU
		{20CB4CB0-533D-4F64-BA01-C09A20EE1C6B}.Release|Any CPU.Build.0 = Release|Any CPU
		{D34A2A54-DBF2-4435-B49A-68D43D9A6934}.Debug|Any CPU.ActiveCfg = Debug|Any CPU
		{D34A2A54-DBF2-4435-B49A-68D43D9A6934}.Debug|Any CPU.Build.0 = Debug|Any CPU
		{D34A2A54-DBF2-4435-B49A-68D43D9A6934}.Release|Any CPU.ActiveCfg = Release|Any CPU
		{D34A2A54-DBF2-4435-B49A-68D43D9A6934}.Release|Any CPU.Build.0 = Release|Any CPU
		{3D92A878-DA77-4E1D-9054-A459B50985D1}.Debug|Any CPU.ActiveCfg = Debug|Any CPU
		{3D92A878-DA77-4E1D-9054-A459B50985D1}.Debug|Any CPU.Build.0 = Debug|Any CPU
		{3D92A878-DA77-4E1D-9054-A459B50985D1}.Release|Any CPU.ActiveCfg = Release|Any CPU
		{3D92A878-DA77-4E1D-9054-A459B50985D1}.Release|Any CPU.Build.0 = Release|Any CPU
		{CEFE738E-4EFD-496D-A9CF-0F247188ED69}.Debug|Any CPU.ActiveCfg = Debug|Any CPU
		{CEFE738E-4EFD-496D-A9CF-0F247188ED69}.Debug|Any CPU.Build.0 = Debug|Any CPU
		{CEFE738E-4EFD-496D-A9CF-0F247188ED69}.Release|Any CPU.ActiveCfg = Release|Any CPU
		{CEFE738E-4EFD-496D-A9CF-0F247188ED69}.Release|Any CPU.Build.0 = Release|Any CPU
	EndGlobalSection
	GlobalSection(SolutionProperties) = preSolution
		HideSolutionNode = FALSE
	EndGlobalSection
	GlobalSection(ExtensibilityGlobals) = postSolution
		SolutionGuid = {21CC52DA-C450-41D2-97AA-718EB69F05B5}
	EndGlobalSection
EndGlobal
