
Microsoft Visual Studio Solution File, Format Version 12.00
# Visual Studio Version 16
VisualStudioVersion = 16.0.30804.86
MinimumVisualStudioVersion = 10.0.40219.1
Project("{FAE04EC0-301F-11D3-BF4B-00C04F79EFBC}") = "OdontoTechWebApp", "OdontoTechWebApp\OdontoTechWebApp.csproj", "{CEFE738E-4EFD-496D-A9CF-0F247188ED69}"
EndProject
Project("{FAE04EC0-301F-11D3-BF4B-00C04F79EFBC}") = "Domain", "Domain\Domain.csproj", "{5705580F-EBF7-4BD4-B974-F2E4B1F1CCA9}"
EndProject
Project("{FAE04EC0-301F-11D3-BF4B-00C04F79EFBC}") = "BusinessLogicalLayer", "BusinessLogicalLayer\BusinessLogicalLayer.csproj", "{64088395-30FB-45BD-AA4D-C32E494595E7}"
EndProject
Project("{FAE04EC0-301F-11D3-BF4B-00C04F79EFBC}") = "DataAccessLayer", "DataAccessLayer\DataAccessLayer.csproj", "{63ED4DBC-7CA0-4CEB-98E8-0C637FF2D21E}"
EndProject
Project("{FAE04EC0-301F-11D3-BF4B-00C04F79EFBC}") = "WebAppAPI", "WebAppAPI\WebAppAPI.csproj", "{C65899AF-EAB5-4078-852B-C5CBF632A12B}"
EndProject
Global
	GlobalSection(SolutionConfigurationPlatforms) = preSolution
		Debug|Any CPU = Debug|Any CPU
		Release|Any CPU = Release|Any CPU
	EndGlobalSection
	GlobalSection(ProjectConfigurationPlatforms) = postSolution
		{CEFE738E-4EFD-496D-A9CF-0F247188ED69}.Debug|Any CPU.ActiveCfg = Debug|Any CPU
		{CEFE738E-4EFD-496D-A9CF-0F247188ED69}.Debug|Any CPU.Build.0 = Debug|Any CPU
		{CEFE738E-4EFD-496D-A9CF-0F247188ED69}.Release|Any CPU.ActiveCfg = Release|Any CPU
		{CEFE738E-4EFD-496D-A9CF-0F247188ED69}.Release|Any CPU.Build.0 = Release|Any CPU
		{5705580F-EBF7-4BD4-B974-F2E4B1F1CCA9}.Debug|Any CPU.ActiveCfg = Debug|Any CPU
		{5705580F-EBF7-4BD4-B974-F2E4B1F1CCA9}.Debug|Any CPU.Build.0 = Debug|Any CPU
		{5705580F-EBF7-4BD4-B974-F2E4B1F1CCA9}.Release|Any CPU.ActiveCfg = Release|Any CPU
		{5705580F-EBF7-4BD4-B974-F2E4B1F1CCA9}.Release|Any CPU.Build.0 = Release|Any CPU
		{64088395-30FB-45BD-AA4D-C32E494595E7}.Debug|Any CPU.ActiveCfg = Debug|Any CPU
		{64088395-30FB-45BD-AA4D-C32E494595E7}.Debug|Any CPU.Build.0 = Debug|Any CPU
		{64088395-30FB-45BD-AA4D-C32E494595E7}.Release|Any CPU.ActiveCfg = Release|Any CPU
		{64088395-30FB-45BD-AA4D-C32E494595E7}.Release|Any CPU.Build.0 = Release|Any CPU
		{63ED4DBC-7CA0-4CEB-98E8-0C637FF2D21E}.Debug|Any CPU.ActiveCfg = Debug|Any CPU
		{63ED4DBC-7CA0-4CEB-98E8-0C637FF2D21E}.Debug|Any CPU.Build.0 = Debug|Any CPU
		{63ED4DBC-7CA0-4CEB-98E8-0C637FF2D21E}.Release|Any CPU.ActiveCfg = Release|Any CPU
		{63ED4DBC-7CA0-4CEB-98E8-0C637FF2D21E}.Release|Any CPU.Build.0 = Release|Any CPU
		{C65899AF-EAB5-4078-852B-C5CBF632A12B}.Debug|Any CPU.ActiveCfg = Debug|Any CPU
		{C65899AF-EAB5-4078-852B-C5CBF632A12B}.Debug|Any CPU.Build.0 = Debug|Any CPU
		{C65899AF-EAB5-4078-852B-C5CBF632A12B}.Release|Any CPU.ActiveCfg = Release|Any CPU
		{C65899AF-EAB5-4078-852B-C5CBF632A12B}.Release|Any CPU.Build.0 = Release|Any CPU
	EndGlobalSection
	GlobalSection(SolutionProperties) = preSolution
		HideSolutionNode = FALSE
	EndGlobalSection
	GlobalSection(ExtensibilityGlobals) = postSolution
		SolutionGuid = {21CC52DA-C450-41D2-97AA-718EB69F05B5}
	EndGlobalSection
EndGlobal
